// !$*UTF8*$!
{
	archiveVersion = 1;
	classes = {
	};
	objectVersion = 46;
	objects = {

/* Begin PBXBuildFile section */
		2612FC1222E734C500B0B074 /* Util.swift in Sources */ = {isa = PBXBuildFile; fileRef = 2612FC1122E734C500B0B074 /* Util.swift */; };
		2612FC1422E7375700B0B074 /* Const.swift in Sources */ = {isa = PBXBuildFile; fileRef = 2612FC1322E7375700B0B074 /* Const.swift */; };
		2612FC1622E7396700B0B074 /* Extern.swift in Sources */ = {isa = PBXBuildFile; fileRef = 2612FC1522E7396700B0B074 /* Extern.swift */; };
		2647DF64234932BE003DE889 /* list.plist in Resources */ = {isa = PBXBuildFile; fileRef = 2647DF4A234932BE003DE889 /* list.plist */; };
		2647DF65234932BE003DE889 /* shuffle_s.png in Resources */ = {isa = PBXBuildFile; fileRef = 2647DF4C234932BE003DE889 /* shuffle_s.png */; };
		2647DF66234932BE003DE889 /* repeat_s.png in Resources */ = {isa = PBXBuildFile; fileRef = 2647DF4D234932BE003DE889 /* repeat_s.png */; };
		2647DF67234932BE003DE889 /* repeat.png in Resources */ = {isa = PBXBuildFile; fileRef = 2647DF4E234932BE003DE889 /* repeat.png */; };
		2647DF68234932BE003DE889 /* list.png in Resources */ = {isa = PBXBuildFile; fileRef = 2647DF4F234932BE003DE889 /* list.png */; };
		2647DF69234932BE003DE889 /* shuffle.png in Resources */ = {isa = PBXBuildFile; fileRef = 2647DF50234932BE003DE889 /* shuffle.png */; };
		2647DF6A234932BE003DE889 /* pause.png in Resources */ = {isa = PBXBuildFile; fileRef = 2647DF51234932BE003DE889 /* pause.png */; };
		2647DF6B234932BE003DE889 /* listS.png in Resources */ = {isa = PBXBuildFile; fileRef = 2647DF52234932BE003DE889 /* listS.png */; };
		2647DF6C234932BE003DE889 /* demo1.png in Resources */ = {isa = PBXBuildFile; fileRef = 2647DF54234932BE003DE889 /* demo1.png */; };
		2647DF6D234932BE003DE889 /* demo3.jpg in Resources */ = {isa = PBXBuildFile; fileRef = 2647DF55234932BE003DE889 /* demo3.jpg */; };
		2647DF6E234932BE003DE889 /* demo2.jpg in Resources */ = {isa = PBXBuildFile; fileRef = 2647DF56234932BE003DE889 /* demo2.jpg */; };
		2647DF6F234932BE003DE889 /* background4.png in Resources */ = {isa = PBXBuildFile; fileRef = 2647DF58234932BE003DE889 /* background4.png */; };
		2647DF70234932BE003DE889 /* background5.png in Resources */ = {isa = PBXBuildFile; fileRef = 2647DF59234932BE003DE889 /* background5.png */; };
		2647DF71234932BE003DE889 /* background7.png in Resources */ = {isa = PBXBuildFile; fileRef = 2647DF5A234932BE003DE889 /* background7.png */; };
		2647DF72234932BE003DE889 /* background6.png in Resources */ = {isa = PBXBuildFile; fileRef = 2647DF5B234932BE003DE889 /* background6.png */; };
		2647DF73234932BE003DE889 /* background2.png in Resources */ = {isa = PBXBuildFile; fileRef = 2647DF5C234932BE003DE889 /* background2.png */; };
		2647DF74234932BE003DE889 /* background3.png in Resources */ = {isa = PBXBuildFile; fileRef = 2647DF5D234932BE003DE889 /* background3.png */; };
		2647DF75234932BE003DE889 /* background1.png in Resources */ = {isa = PBXBuildFile; fileRef = 2647DF5E234932BE003DE889 /* background1.png */; };
		2647DF76234932BE003DE889 /* next.png in Resources */ = {isa = PBXBuildFile; fileRef = 2647DF5F234932BE003DE889 /* next.png */; };
		2647DF77234932BE003DE889 /* shadow.png in Resources */ = {isa = PBXBuildFile; fileRef = 2647DF61234932BE003DE889 /* shadow.png */; };
		2647DF78234932BE003DE889 /* play.png in Resources */ = {isa = PBXBuildFile; fileRef = 2647DF62234932BE003DE889 /* play.png */; };
		2647DF79234932BE003DE889 /* previous.png in Resources */ = {isa = PBXBuildFile; fileRef = 2647DF63234932BE003DE889 /* previous.png */; };
		D33843861C1F7A7300348BE9 /* Launch Screen.storyboard in Resources */ = {isa = PBXBuildFile; fileRef = D33843851C1F7A7300348BE9 /* Launch Screen.storyboard */; };
		D36191BE19E9647B00CC9026 /* Main.storyboard in Resources */ = {isa = PBXBuildFile; fileRef = D36191BB19E9647B00CC9026 /* Main.storyboard */; };
		D3D2E95319A36A0000DEF125 /* AppDelegate.swift in Sources */ = {isa = PBXBuildFile; fileRef = D3D2E95219A36A0000DEF125 /* AppDelegate.swift */; };
		D3D2E95519A36A0000DEF125 /* PlayerViewController.swift in Sources */ = {isa = PBXBuildFile; fileRef = D3D2E95419A36A0000DEF125 /* PlayerViewController.swift */; };
		D3D2E95A19A36A0000DEF125 /* Images.xcassets in Resources */ = {isa = PBXBuildFile; fileRef = D3D2E95919A36A0000DEF125 /* Images.xcassets */; };
		D3D2E96619A36A0000DEF125 /* Music_PlayerTests.swift in Sources */ = {isa = PBXBuildFile; fileRef = D3D2E96519A36A0000DEF125 /* Music_PlayerTests.swift */; };
/* End PBXBuildFile section */

/* Begin PBXContainerItemProxy section */
		D3D2E96019A36A0000DEF125 /* PBXContainerItemProxy */ = {
			isa = PBXContainerItemProxy;
			containerPortal = D3D2E94519A36A0000DEF125 /* Project object */;
			proxyType = 1;
			remoteGlobalIDString = D3D2E94C19A36A0000DEF125;
			remoteInfo = "Music Player";
		};
/* End PBXContainerItemProxy section */

/* Begin PBXFileReference section */
		2612FC1122E734C500B0B074 /* Util.swift */ = {isa = PBXFileReference; lastKnownFileType = sourcecode.swift; path = Util.swift; sourceTree = "<group>"; };
		2612FC1322E7375700B0B074 /* Const.swift */ = {isa = PBXFileReference; lastKnownFileType = sourcecode.swift; path = Const.swift; sourceTree = "<group>"; };
		2612FC1522E7396700B0B074 /* Extern.swift */ = {isa = PBXFileReference; lastKnownFileType = sourcecode.swift; path = Extern.swift; sourceTree = "<group>"; };
		2647DF4A234932BE003DE889 /* list.plist */ = {isa = PBXFileReference; fileEncoding = 4; lastKnownFileType = text.plist.xml; path = list.plist; sourceTree = "<group>"; };
		2647DF4C234932BE003DE889 /* shuffle_s.png */ = {isa = PBXFileReference; lastKnownFileType = image.png; path = shuffle_s.png; sourceTree = "<group>"; };
		2647DF4D234932BE003DE889 /* repeat_s.png */ = {isa = PBXFileReference; lastKnownFileType = image.png; path = repeat_s.png; sourceTree = "<group>"; };
		2647DF4E234932BE003DE889 /* repeat.png */ = {isa = PBXFileReference; lastKnownFileType = image.png; path = repeat.png; sourceTree = "<group>"; };
		2647DF4F234932BE003DE889 /* list.png */ = {isa = PBXFileReference; lastKnownFileType = image.png; path = list.png; sourceTree = "<group>"; };
		2647DF50234932BE003DE889 /* shuffle.png */ = {isa = PBXFileReference; lastKnownFileType = image.png; path = shuffle.png; sourceTree = "<group>"; };
		2647DF51234932BE003DE889 /* pause.png */ = {isa = PBXFileReference; lastKnownFileType = image.png; path = pause.png; sourceTree = "<group>"; };
		2647DF52234932BE003DE889 /* listS.png */ = {isa = PBXFileReference; lastKnownFileType = image.png; path = listS.png; sourceTree = "<group>"; };
		2647DF54234932BE003DE889 /* demo1.png */ = {isa = PBXFileReference; lastKnownFileType = image.png; path = demo1.png; sourceTree = "<group>"; };
		2647DF55234932BE003DE889 /* demo3.jpg */ = {isa = PBXFileReference; lastKnownFileType = image.jpeg; path = demo3.jpg; sourceTree = "<group>"; };
		2647DF56234932BE003DE889 /* demo2.jpg */ = {isa = PBXFileReference; lastKnownFileType = image.jpeg; path = demo2.jpg; sourceTree = "<group>"; };
		2647DF58234932BE003DE889 /* background4.png */ = {isa = PBXFileReference; lastKnownFileType = image.png; path = background4.png; sourceTree = "<group>"; };
		2647DF59234932BE003DE889 /* background5.png */ = {isa = PBXFileReference; lastKnownFileType = image.png; path = background5.png; sourceTree = "<group>"; };
		2647DF5A234932BE003DE889 /* background7.png */ = {isa = PBXFileReference; lastKnownFileType = image.png; path = background7.png; sourceTree = "<group>"; };
		2647DF5B234932BE003DE889 /* background6.png */ = {isa = PBXFileReference; lastKnownFileType = image.png; path = background6.png; sourceTree = "<group>"; };
		2647DF5C234932BE003DE889 /* background2.png */ = {isa = PBXFileReference; lastKnownFileType = image.png; path = background2.png; sourceTree = "<group>"; };
		2647DF5D234932BE003DE889 /* background3.png */ = {isa = PBXFileReference; lastKnownFileType = image.png; path = background3.png; sourceTree = "<group>"; };
		2647DF5E234932BE003DE889 /* background1.png */ = {isa = PBXFileReference; lastKnownFileType = image.png; path = background1.png; sourceTree = "<group>"; };
		2647DF5F234932BE003DE889 /* next.png */ = {isa = PBXFileReference; lastKnownFileType = image.png; path = next.png; sourceTree = "<group>"; };
		2647DF61234932BE003DE889 /* shadow.png */ = {isa = PBXFileReference; lastKnownFileType = image.png; path = shadow.png; sourceTree = "<group>"; };
		2647DF62234932BE003DE889 /* play.png */ = {isa = PBXFileReference; lastKnownFileType = image.png; path = play.png; sourceTree = "<group>"; };
		2647DF63234932BE003DE889 /* previous.png */ = {isa = PBXFileReference; lastKnownFileType = image.png; path = previous.png; sourceTree = "<group>"; };
		D33843851C1F7A7300348BE9 /* Launch Screen.storyboard */ = {isa = PBXFileReference; fileEncoding = 4; lastKnownFileType = file.storyboard; path = "Launch Screen.storyboard"; sourceTree = "<group>"; };
		D36191BC19E9647B00CC9026 /* Base */ = {isa = PBXFileReference; lastKnownFileType = file.storyboard; name = Base; path = Base.lproj/Main.storyboard; sourceTree = "<group>"; };
		D3D2E94D19A36A0000DEF125 /* Music Player.app */ = {isa = PBXFileReference; explicitFileType = wrapper.application; includeInIndex = 0; path = "Music Player.app"; sourceTree = BUILT_PRODUCTS_DIR; };
		D3D2E95119A36A0000DEF125 /* Info.plist */ = {isa = PBXFileReference; lastKnownFileType = text.plist.xml; path = Info.plist; sourceTree = "<group>"; };
		D3D2E95219A36A0000DEF125 /* AppDelegate.swift */ = {isa = PBXFileReference; lastKnownFileType = sourcecode.swift; path = AppDelegate.swift; sourceTree = "<group>"; };
		D3D2E95419A36A0000DEF125 /* PlayerViewController.swift */ = {isa = PBXFileReference; lastKnownFileType = sourcecode.swift; path = PlayerViewController.swift; sourceTree = "<group>"; };
		D3D2E95919A36A0000DEF125 /* Images.xcassets */ = {isa = PBXFileReference; lastKnownFileType = folder.assetcatalog; path = Images.xcassets; sourceTree = "<group>"; };
		D3D2E95F19A36A0000DEF125 /* Music PlayerTests.xctest */ = {isa = PBXFileReference; explicitFileType = wrapper.cfbundle; includeInIndex = 0; path = "Music PlayerTests.xctest"; sourceTree = BUILT_PRODUCTS_DIR; };
		D3D2E96419A36A0000DEF125 /* Info.plist */ = {isa = PBXFileReference; lastKnownFileType = text.plist.xml; path = Info.plist; sourceTree = "<group>"; };
		D3D2E96519A36A0000DEF125 /* Music_PlayerTests.swift */ = {isa = PBXFileReference; lastKnownFileType = sourcecode.swift; path = Music_PlayerTests.swift; sourceTree = "<group>"; };
/* End PBXFileReference section */

/* Begin PBXFrameworksBuildPhase section */
		D3D2E94A19A36A0000DEF125 /* Frameworks */ = {
			isa = PBXFrameworksBuildPhase;
			buildActionMask = 2147483647;
			files = (
			);
			runOnlyForDeploymentPostprocessing = 0;
		};
		D3D2E95C19A36A0000DEF125 /* Frameworks */ = {
			isa = PBXFrameworksBuildPhase;
			buildActionMask = 2147483647;
			files = (
			);
			runOnlyForDeploymentPostprocessing = 0;
		};
/* End PBXFrameworksBuildPhase section */

/* Begin PBXGroup section */
		2647DF4B234932BE003DE889 /* imgs */ = {
			isa = PBXGroup;
			children = (
				2647DF4C234932BE003DE889 /* shuffle_s.png */,
				2647DF4D234932BE003DE889 /* repeat_s.png */,
				2647DF4E234932BE003DE889 /* repeat.png */,
				2647DF4F234932BE003DE889 /* list.png */,
				2647DF50234932BE003DE889 /* shuffle.png */,
				2647DF51234932BE003DE889 /* pause.png */,
				2647DF52234932BE003DE889 /* listS.png */,
				2647DF53234932BE003DE889 /* avatar */,
				2647DF57234932BE003DE889 /* bg */,
				2647DF5F234932BE003DE889 /* next.png */,
				2647DF60234932BE003DE889 /* icon */,
				2647DF61234932BE003DE889 /* shadow.png */,
				2647DF62234932BE003DE889 /* play.png */,
				2647DF63234932BE003DE889 /* previous.png */,
			);
			path = imgs;
			sourceTree = "<group>";
		};
		2647DF53234932BE003DE889 /* avatar */ = {
			isa = PBXGroup;
			children = (
				2647DF54234932BE003DE889 /* demo1.png */,
				2647DF55234932BE003DE889 /* demo3.jpg */,
				2647DF56234932BE003DE889 /* demo2.jpg */,
			);
			path = avatar;
			sourceTree = "<group>";
		};
		2647DF57234932BE003DE889 /* bg */ = {
			isa = PBXGroup;
			children = (
				2647DF58234932BE003DE889 /* background4.png */,
				2647DF59234932BE003DE889 /* background5.png */,
				2647DF5A234932BE003DE889 /* background7.png */,
				2647DF5B234932BE003DE889 /* background6.png */,
				2647DF5C234932BE003DE889 /* background2.png */,
				2647DF5D234932BE003DE889 /* background3.png */,
				2647DF5E234932BE003DE889 /* background1.png */,
			);
			path = bg;
			sourceTree = "<group>";
		};
		2647DF60234932BE003DE889 /* icon */ = {
			isa = PBXGroup;
			children = (
			);
			path = icon;
			sourceTree = "<group>";
		};
		D3D2E94419A36A0000DEF125 = {
			isa = PBXGroup;
			children = (
				D3D2E94F19A36A0000DEF125 /* Music Player */,
				D3D2E96219A36A0000DEF125 /* Music PlayerTests */,
				D3D2E94E19A36A0000DEF125 /* Products */,
			);
			sourceTree = "<group>";
		};
		D3D2E94E19A36A0000DEF125 /* Products */ = {
			isa = PBXGroup;
			children = (
				D3D2E94D19A36A0000DEF125 /* Music Player.app */,
				D3D2E95F19A36A0000DEF125 /* Music PlayerTests.xctest */,
			);
			name = Products;
			sourceTree = "<group>";
		};
		D3D2E94F19A36A0000DEF125 /* Music Player */ = {
			isa = PBXGroup;
			children = (
				2647DF4B234932BE003DE889 /* imgs */,
				2647DF4A234932BE003DE889 /* list.plist */,
				D3D2E95219A36A0000DEF125 /* AppDelegate.swift */,
				2612FC1322E7375700B0B074 /* Const.swift */,
				2612FC1522E7396700B0B074 /* Extern.swift */,
				D3D2E95919A36A0000DEF125 /* Images.xcassets */,
				D33843851C1F7A7300348BE9 /* Launch Screen.storyboard */,
				D36191BB19E9647B00CC9026 /* Main.storyboard */,
				D3D2E95419A36A0000DEF125 /* PlayerViewController.swift */,
				D3D2E95019A36A0000DEF125 /* Supporting Files */,
				2612FC1122E734C500B0B074 /* Util.swift */,
			);
			path = "Music Player";
			sourceTree = "<group>";
		};
		D3D2E95019A36A0000DEF125 /* Supporting Files */ = {
			isa = PBXGroup;
			children = (
				D3D2E95119A36A0000DEF125 /* Info.plist */,
			);
			name = "Supporting Files";
			sourceTree = "<group>";
		};
		D3D2E96219A36A0000DEF125 /* Music PlayerTests */ = {
			isa = PBXGroup;
			children = (
				D3D2E96519A36A0000DEF125 /* Music_PlayerTests.swift */,
				D3D2E96319A36A0000DEF125 /* Supporting Files */,
			);
			path = "Music PlayerTests";
			sourceTree = "<group>";
		};
		D3D2E96319A36A0000DEF125 /* Supporting Files */ = {
			isa = PBXGroup;
			children = (
				D3D2E96419A36A0000DEF125 /* Info.plist */,
			);
			name = "Supporting Files";
			sourceTree = "<group>";
		};
/* End PBXGroup section */

/* Begin PBXNativeTarget section */
		D3D2E94C19A36A0000DEF125 /* Music Player */ = {
			isa = PBXNativeTarget;
			buildConfigurationList = D3D2E96919A36A0000DEF125 /* Build configuration list for PBXNativeTarget "Music Player" */;
			buildPhases = (
				D3D2E94919A36A0000DEF125 /* Sources */,
				D3D2E94A19A36A0000DEF125 /* Frameworks */,
				D3D2E94B19A36A0000DEF125 /* Resources */,
			);
			buildRules = (
			);
			dependencies = (
			);
			name = "Music Player";
			productName = "Music Player";
			productReference = D3D2E94D19A36A0000DEF125 /* Music Player.app */;
			productType = "com.apple.product-type.application";
		};
		D3D2E95E19A36A0000DEF125 /* Music PlayerTests */ = {
			isa = PBXNativeTarget;
			buildConfigurationList = D3D2E96C19A36A0000DEF125 /* Build configuration list for PBXNativeTarget "Music PlayerTests" */;
			buildPhases = (
				D3D2E95B19A36A0000DEF125 /* Sources */,
				D3D2E95C19A36A0000DEF125 /* Frameworks */,
				D3D2E95D19A36A0000DEF125 /* Resources */,
			);
			buildRules = (
			);
			dependencies = (
				D3D2E96119A36A0000DEF125 /* PBXTargetDependency */,
			);
			name = "Music PlayerTests";
			productName = "Music PlayerTests";
			productReference = D3D2E95F19A36A0000DEF125 /* Music PlayerTests.xctest */;
			productType = "com.apple.product-type.bundle.unit-test";
		};
/* End PBXNativeTarget section */

/* Begin PBXProject section */
		D3D2E94519A36A0000DEF125 /* Project object */ = {
			isa = PBXProject;
			attributes = {
				LastSwiftMigration = 0710;
				LastSwiftUpdateCheck = 0710;
				LastUpgradeCheck = 1210;
				ORGANIZATIONNAME = polat;
				TargetAttributes = {
					D3D2E94C19A36A0000DEF125 = {
						CreatedOnToolsVersion = 6.0;
						DevelopmentTeam = D878P8TW6L;
						LastSwiftMigration = 0800;
					};
					D3D2E95E19A36A0000DEF125 = {
						CreatedOnToolsVersion = 6.0;
						LastSwiftMigration = 0800;
						TestTargetID = D3D2E94C19A36A0000DEF125;
					};
				};
			};
			buildConfigurationList = D3D2E94819A36A0000DEF125 /* Build configuration list for PBXProject "Music Player" */;
			compatibilityVersion = "Xcode 3.2";
			developmentRegion = en;
			hasScannedForEncodings = 0;
			knownRegions = (
				en,
				Base,
			);
			mainGroup = D3D2E94419A36A0000DEF125;
			productRefGroup = D3D2E94E19A36A0000DEF125 /* Products */;
			projectDirPath = "";
			projectRoot = "";
			targets = (
				D3D2E94C19A36A0000DEF125 /* Music Player */,
				D3D2E95E19A36A0000DEF125 /* Music PlayerTests */,
			);
		};
/* End PBXProject section */

/* Begin PBXResourcesBuildPhase section */
		D3D2E94B19A36A0000DEF125 /* Resources */ = {
			isa = PBXResourcesBuildPhase;
			buildActionMask = 2147483647;
			files = (
				2647DF66234932BE003DE889 /* repeat_s.png in Resources */,
				2647DF74234932BE003DE889 /* background3.png in Resources */,
				2647DF64234932BE003DE889 /* list.plist in Resources */,
				2647DF71234932BE003DE889 /* background7.png in Resources */,
				2647DF73234932BE003DE889 /* background2.png in Resources */,
				2647DF6A234932BE003DE889 /* pause.png in Resources */,
				2647DF67234932BE003DE889 /* repeat.png in Resources */,
				2647DF79234932BE003DE889 /* previous.png in Resources */,
				D33843861C1F7A7300348BE9 /* Launch Screen.storyboard in Resources */,
				2647DF65234932BE003DE889 /* shuffle_s.png in Resources */,
				D36191BE19E9647B00CC9026 /* Main.storyboard in Resources */,
				2647DF77234932BE003DE889 /* shadow.png in Resources */,
				2647DF70234932BE003DE889 /* background5.png in Resources */,
				2647DF6E234932BE003DE889 /* demo2.jpg in Resources */,
				2647DF72234932BE003DE889 /* background6.png in Resources */,
				2647DF6B234932BE003DE889 /* listS.png in Resources */,
				2647DF76234932BE003DE889 /* next.png in Resources */,
				2647DF69234932BE003DE889 /* shuffle.png in Resources */,
				2647DF78234932BE003DE889 /* play.png in Resources */,
				2647DF6F234932BE003DE889 /* background4.png in Resources */,
				2647DF6D234932BE003DE889 /* demo3.jpg in Resources */,
				D3D2E95A19A36A0000DEF125 /* Images.xcassets in Resources */,
				2647DF6C234932BE003DE889 /* demo1.png in Resources */,
				2647DF75234932BE003DE889 /* background1.png in Resources */,
				2647DF68234932BE003DE889 /* list.png in Resources */,
			);
			runOnlyForDeploymentPostprocessing = 0;
		};
		D3D2E95D19A36A0000DEF125 /* Resources */ = {
			isa = PBXResourcesBuildPhase;
			buildActionMask = 2147483647;
			files = (
			);
			runOnlyForDeploymentPostprocessing = 0;
		};
/* End PBXResourcesBuildPhase section */

/* Begin PBXSourcesBuildPhase section */
		D3D2E94919A36A0000DEF125 /* Sources */ = {
			isa = PBXSourcesBuildPhase;
			buildActionMask = 2147483647;
			files = (
				2612FC1622E7396700B0B074 /* Extern.swift in Sources */,
				D3D2E95519A36A0000DEF125 /* PlayerViewController.swift in Sources */,
				2612FC1422E7375700B0B074 /* Const.swift in Sources */,
				2612FC1222E734C500B0B074 /* Util.swift in Sources */,
				D3D2E95319A36A0000DEF125 /* AppDelegate.swift in Sources */,
			);
			runOnlyForDeploymentPostprocessing = 0;
		};
		D3D2E95B19A36A0000DEF125 /* Sources */ = {
			isa = PBXSourcesBuildPhase;
			buildActionMask = 2147483647;
			files = (
				D3D2E96619A36A0000DEF125 /* Music_PlayerTests.swift in Sources */,
			);
			runOnlyForDeploymentPostprocessing = 0;
		};
/* End PBXSourcesBuildPhase section */

/* Begin PBXTargetDependency section */
		D3D2E96119A36A0000DEF125 /* PBXTargetDependency */ = {
			isa = PBXTargetDependency;
			target = D3D2E94C19A36A0000DEF125 /* Music Player */;
			targetProxy = D3D2E96019A36A0000DEF125 /* PBXContainerItemProxy */;
		};
/* End PBXTargetDependency section */

/* Begin PBXVariantGroup section */
		D36191BB19E9647B00CC9026 /* Main.storyboard */ = {
			isa = PBXVariantGroup;
			children = (
				D36191BC19E9647B00CC9026 /* Base */,
			);
			name = Main.storyboard;
			sourceTree = "<group>";
		};
/* End PBXVariantGroup section */

/* Begin XCBuildConfiguration section */
		D3D2E96719A36A0000DEF125 /* Debug */ = {
			isa = XCBuildConfiguration;
			buildSettings = {
				ALWAYS_SEARCH_USER_PATHS = NO;
				CLANG_ANALYZER_LOCALIZABILITY_NONLOCALIZED = YES;
				CLANG_CXX_LANGUAGE_STANDARD = "gnu++0x";
				CLANG_CXX_LIBRARY = "libc++";
				CLANG_ENABLE_MODULES = YES;
				CLANG_ENABLE_OBJC_ARC = YES;
				CLANG_WARN_BLOCK_CAPTURE_AUTORELEASING = YES;
				CLANG_WARN_BOOL_CONVERSION = YES;
				CLANG_WARN_COMMA = YES;
				CLANG_WARN_CONSTANT_CONVERSION = YES;
				CLANG_WARN_DEPRECATED_OBJC_IMPLEMENTATIONS = YES;
				CLANG_WARN_DIRECT_OBJC_ISA_USAGE = YES_ERROR;
				CLANG_WARN_EMPTY_BODY = YES;
				CLANG_WARN_ENUM_CONVERSION = YES;
				CLANG_WARN_INFINITE_RECURSION = YES;
				CLANG_WARN_INT_CONVERSION = YES;
				CLANG_WARN_NON_LITERAL_NULL_CONVERSION = YES;
				CLANG_WARN_OBJC_IMPLICIT_RETAIN_SELF = YES;
				CLANG_WARN_OBJC_LITERAL_CONVERSION = YES;
				CLANG_WARN_OBJC_ROOT_CLASS = YES_ERROR;
				CLANG_WARN_QUOTED_INCLUDE_IN_FRAMEWORK_HEADER = YES;
				CLANG_WARN_RANGE_LOOP_ANALYSIS = YES;
				CLANG_WARN_STRICT_PROTOTYPES = YES;
				CLANG_WARN_SUSPICIOUS_MOVE = YES;
				CLANG_WARN_UNREACHABLE_CODE = YES;
				CLANG_WARN__DUPLICATE_METHOD_MATCH = YES;
				"CODE_SIGN_IDENTITY[sdk=iphoneos*]" = "iPhone Developer";
				COPY_PHASE_STRIP = NO;
				ENABLE_STRICT_OBJC_MSGSEND = YES;
				ENABLE_TESTABILITY = YES;
				GCC_C_LANGUAGE_STANDARD = gnu99;
				GCC_DYNAMIC_NO_PIC = NO;
				GCC_NO_COMMON_BLOCKS = YES;
				GCC_OPTIMIZATION_LEVEL = 0;
				GCC_PREPROCESSOR_DEFINITIONS = (
					"DEBUG=1",
					"$(inherited)",
				);
				GCC_SYMBOLS_PRIVATE_EXTERN = NO;
				GCC_WARN_64_TO_32_BIT_CONVERSION = YES;
				GCC_WARN_ABOUT_RETURN_TYPE = YES_ERROR;
				GCC_WARN_UNDECLARED_SELECTOR = YES;
				GCC_WARN_UNINITIALIZED_AUTOS = YES_AGGRESSIVE;
				GCC_WARN_UNUSED_FUNCTION = YES;
				GCC_WARN_UNUSED_VARIABLE = YES;
				IPHONEOS_DEPLOYMENT_TARGET = 12.0;
				METAL_ENABLE_DEBUG_INFO = YES;
				ONLY_ACTIVE_ARCH = YES;
				SDKROOT = iphoneos;
				SWIFT_OPTIMIZATION_LEVEL = "-Onone";
				SWIFT_VERSION = 5.0;
			};
			name = Debug;
		};
		D3D2E96819A36A0000DEF125 /* Release */ = {
			isa = XCBuildConfiguration;
			buildSettings = {
				ALWAYS_SEARCH_USER_PATHS = NO;
				CLANG_ANALYZER_LOCALIZABILITY_NONLOCALIZED = YES;
				CLANG_CXX_LANGUAGE_STANDARD = "gnu++0x";
				CLANG_CXX_LIBRARY = "libc++";
				CLANG_ENABLE_MODULES = YES;
				CLANG_ENABLE_OBJC_ARC = YES;
				CLANG_WARN_BLOCK_CAPTURE_AUTORELEASING = YES;
				CLANG_WARN_BOOL_CONVERSION = YES;
				CLANG_WARN_COMMA = YES;
				CLANG_WARN_CONSTANT_CONVERSION = YES;
				CLANG_WARN_DEPRECATED_OBJC_IMPLEMENTATIONS = YES;
				CLANG_WARN_DIRECT_OBJC_ISA_USAGE = YES_ERROR;
				CLANG_WARN_EMPTY_BODY = YES;
				CLANG_WARN_ENUM_CONVERSION = YES;
				CLANG_WARN_INFINITE_RECURSION = YES;
				CLANG_WARN_INT_CONVERSION = YES;
				CLANG_WARN_NON_LITERAL_NULL_CONVERSION = YES;
				CLANG_WARN_OBJC_IMPLICIT_RETAIN_SELF = YES;
				CLANG_WARN_OBJC_LITERAL_CONVERSION = YES;
				CLANG_WARN_OBJC_ROOT_CLASS = YES_ERROR;
				CLANG_WARN_QUOTED_INCLUDE_IN_FRAMEWORK_HEADER = YES;
				CLANG_WARN_RANGE_LOOP_ANALYSIS = YES;
				CLANG_WARN_STRICT_PROTOTYPES = YES;
				CLANG_WARN_SUSPICIOUS_MOVE = YES;
				CLANG_WARN_UNREACHABLE_CODE = YES;
				CLANG_WARN__DUPLICATE_METHOD_MATCH = YES;
				"CODE_SIGN_IDENTITY[sdk=iphoneos*]" = "iPhone Developer";
				COPY_PHASE_STRIP = YES;
				ENABLE_NS_ASSERTIONS = NO;
				ENABLE_STRICT_OBJC_MSGSEND = YES;
				GCC_C_LANGUAGE_STANDARD = gnu99;
				GCC_NO_COMMON_BLOCKS = YES;
				GCC_WARN_64_TO_32_BIT_CONVERSION = YES;
				GCC_WARN_ABOUT_RETURN_TYPE = YES_ERROR;
				GCC_WARN_UNDECLARED_SELECTOR = YES;
				GCC_WARN_UNINITIALIZED_AUTOS = YES_AGGRESSIVE;
				GCC_WARN_UNUSED_FUNCTION = YES;
				GCC_WARN_UNUSED_VARIABLE = YES;
				IPHONEOS_DEPLOYMENT_TARGET = 12.0;
				METAL_ENABLE_DEBUG_INFO = NO;
				SDKROOT = iphoneos;
				SWIFT_COMPILATION_MODE = wholemodule;
				SWIFT_VERSION = 5.0;
				VALIDATE_PRODUCT = YES;
			};
			name = Release;
		};
		D3D2E96A19A36A0000DEF125 /* Debug */ = {
			isa = XCBuildConfiguration;
			buildSettings = {
				ASSETCATALOG_COMPILER_APPICON_NAME = AppIcon;
				CLANG_ANALYZER_OBJC_NSCFERROR = YES;
				DEVELOPMENT_TEAM = D878P8TW6L;
				IBSC_ERRORS = YES;
				INFOPLIST_FILE = "Music Player/Info.plist";
				IPHONEOS_DEPLOYMENT_TARGET = 12.0;
				LD_RUNPATH_SEARCH_PATHS = "$(inherited) @executable_path/Frameworks";
				PRODUCT_BUNDLE_IDENTIFIER = "com.yourcompany.$(PRODUCT_NAME:rfc1034identifier)";
				PRODUCT_NAME = "$(TARGET_NAME)";
				SWIFT_VERSION = 5.0;
				TARGETED_DEVICE_FAMILY = 1;
			};
			name = Debug;
		};
		D3D2E96B19A36A0000DEF125 /* Release */ = {
			isa = XCBuildConfiguration;
			buildSettings = {
				ASSETCATALOG_COMPILER_APPICON_NAME = AppIcon;
				CLANG_ANALYZER_OBJC_NSCFERROR = YES;
				DEVELOPMENT_TEAM = D878P8TW6L;
				IBSC_ERRORS = YES;
				INFOPLIST_FILE = "Music Player/Info.plist";
				IPHONEOS_DEPLOYMENT_TARGET = 12.0;
				LD_RUNPATH_SEARCH_PATHS = "$(inherited) @executable_path/Frameworks";
				ONLY_ACTIVE_ARCH = NO;
				PRODUCT_BUNDLE_IDENTIFIER = "com.yourcompany.$(PRODUCT_NAME:rfc1034identifier)";
				PRODUCT_NAME = "$(TARGET_NAME)";
				SWIFT_VERSION = 5.0;
				TARGETED_DEVICE_FAMILY = 1;
			};
			name = Release;
		};
		D3D2E96D19A36A0000DEF125 /* Debug */ = {
			isa = XCBuildConfiguration;
			buildSettings = {
				BUNDLE_LOADER = "$(BUILT_PRODUCTS_DIR)/Music Player.app/Music Player";
				FRAMEWORK_SEARCH_PATHS = (
					"$(SDKROOT)/Developer/Library/Frameworks",
					"$(inherited)",
				);
				GCC_PREPROCESSOR_DEFINITIONS = (
					"DEBUG=1",
					"$(inherited)",
				);
				INFOPLIST_FILE = "Music PlayerTests/Info.plist";
				LD_RUNPATH_SEARCH_PATHS = "$(inherited) @executable_path/Frameworks @loader_path/Frameworks";
				METAL_ENABLE_DEBUG_INFO = YES;
				PRODUCT_BUNDLE_IDENTIFIER = "co.wsoft.${PRODUCT_NAME:rfc1034identifier}";
				PRODUCT_NAME = "$(TARGET_NAME)";
				SWIFT_VERSION = 3.0;
				TEST_HOST = "$(BUNDLE_LOADER)";
			};
			name = Debug;
		};
		D3D2E96E19A36A0000DEF125 /* Release */ = {
			isa = XCBuildConfiguration;
			buildSettings = {
				BUNDLE_LOADER = "$(BUILT_PRODUCTS_DIR)/Music Player.app/Music Player";
				FRAMEWORK_SEARCH_PATHS = (
					"$(SDKROOT)/Developer/Library/Frameworks",
					"$(inherited)",
				);
				INFOPLIST_FILE = "Music PlayerTests/Info.plist";
				LD_RUNPATH_SEARCH_PATHS = "$(inherited) @executable_path/Frameworks @loader_path/Frameworks";
				METAL_ENABLE_DEBUG_INFO = NO;
				PRODUCT_BUNDLE_IDENTIFIER = "co.wsoft.${PRODUCT_NAME:rfc1034identifier}";
				PRODUCT_NAME = "$(TARGET_NAME)";
				SWIFT_VERSION = 3.0;
				TEST_HOST = "$(BUNDLE_LOADER)";
			};
			name = Release;
		};
/* End XCBuildConfiguration section */

/* Begin XCConfigurationList section */
		D3D2E94819A36A0000DEF125 /* Build configuration list for PBXProject "Music Player" */ = {
			isa = XCConfigurationList;
			buildConfigurations = (
				D3D2E96719A36A0000DEF125 /* Debug */,
				D3D2E96819A36A0000DEF125 /* Release */,
			);
			defaultConfigurationIsVisible = 0;
			defaultConfigurationName = Release;
		};
		D3D2E96919A36A0000DEF125 /* Build configuration list for PBXNativeTarget "Music Player" */ = {
			isa = XCConfigurationList;
			buildConfigurations = (
				D3D2E96A19A36A0000DEF125 /* Debug */,
				D3D2E96B19A36A0000DEF125 /* Release */,
			);
			defaultConfigurationIsVisible = 0;
			defaultConfigurationName = Release;
		};
		D3D2E96C19A36A0000DEF125 /* Build configuration list for PBXNativeTarget "Music PlayerTests" */ = {
			isa = XCConfigurationList;
			buildConfigurations = (
				D3D2E96D19A36A0000DEF125 /* Debug */,
				D3D2E96E19A36A0000DEF125 /* Release */,
			);
			defaultConfigurationIsVisible = 0;
			defaultConfigurationName = Release;
		};
/* End XCConfigurationList section */
	};
	rootObject = D3D2E94519A36A0000DEF125 /* Project object */;
}
